
Microsoft Visual Studio Solution File, Format Version 12.00
# Visual Studio 2015
Project("{FAE04EC0-301F-11D3-BF4B-00C04F79EFBC}") = "VEPSEVEPSE.CSharp", "VEPSEVEPSE.CSharp.csproj", "{8130F80F-CF55-A440-E593-1FC91F8EE83B}"
EndProject
Project("{FAE04EC0-301F-11D3-BF4B-00C04F79EFBC}") = "VEPSEVEPSE.CSharp.Editor", "VEPSEVEPSE.CSharp.Editor.csproj", "{4A2D58C6-80FC-4042-DAB9-6D026261878E}"
EndProject
Global
	GlobalSection(SolutionConfigurationPlatforms) = preSolution
		Debug|Any CPU = Debug|Any CPU
		Release|Any CPU = Release|Any CPU
	EndGlobalSection
	GlobalSection(ProjectConfigurationPlatforms) = postSolution
		{8130F80F-CF55-A440-E593-1FC91F8EE83B}.Debug|Any CPU.ActiveCfg = Debug|Any CPU
		{8130F80F-CF55-A440-E593-1FC91F8EE83B}.Debug|Any CPU.Build.0 = Debug|Any CPU
		{8130F80F-CF55-A440-E593-1FC91F8EE83B}.Release|Any CPU.ActiveCfg = Release|Any CPU
		{8130F80F-CF55-A440-E593-1FC91F8EE83B}.Release|Any CPU.Build.0 = Release|Any CPU
		{4A2D58C6-80FC-4042-DAB9-6D026261878E}.Debug|Any CPU.ActiveCfg = Debug|Any CPU
		{4A2D58C6-80FC-4042-DAB9-6D026261878E}.Debug|Any CPU.Build.0 = Debug|Any CPU
		{4A2D58C6-80FC-4042-DAB9-6D026261878E}.Release|Any CPU.ActiveCfg = Release|Any CPU
		{4A2D58C6-80FC-4042-DAB9-6D026261878E}.Release|Any CPU.Build.0 = Release|Any CPU
	EndGlobalSection
	GlobalSection(SolutionProperties) = preSolution
		HideSolutionNode = FALSE
	EndGlobalSection
EndGlobal
